// !$*UTF8*$!
{
	archiveVersion = 1;
	classes = {
	};
	objectVersion = 56;
	objects = {

/* Begin PBXBuildFile section */
		9BD52295299116E400CBAF76 /* ExpenseTrackerApp.swift in Sources */ = {isa = PBXBuildFile; fileRef = 9BD52294299116E400CBAF76 /* ExpenseTrackerApp.swift */; };
		9BD52297299116E400CBAF76 /* ContentView.swift in Sources */ = {isa = PBXBuildFile; fileRef = 9BD52296299116E400CBAF76 /* ContentView.swift */; };
		9BD52299299116E600CBAF76 /* Assets.xcassets in Resources */ = {isa = PBXBuildFile; fileRef = 9BD52298299116E600CBAF76 /* Assets.xcassets */; };
		9BD5229C299116E600CBAF76 /* Preview Assets.xcassets in Resources */ = {isa = PBXBuildFile; fileRef = 9BD5229B299116E600CBAF76 /* Preview Assets.xcassets */; };
		9BD522A6299116E600CBAF76 /* ExpenseTrackerTests.swift in Sources */ = {isa = PBXBuildFile; fileRef = 9BD522A5299116E600CBAF76 /* ExpenseTrackerTests.swift */; };
		9BD522B0299116E700CBAF76 /* ExpenseTrackerUITests.swift in Sources */ = {isa = PBXBuildFile; fileRef = 9BD522AF299116E700CBAF76 /* ExpenseTrackerUITests.swift */; };
		9BD522B2299116E700CBAF76 /* ExpenseTrackerUITestsLaunchTests.swift in Sources */ = {isa = PBXBuildFile; fileRef = 9BD522B1299116E700CBAF76 /* ExpenseTrackerUITestsLaunchTests.swift */; };
		9BD522BF299118B000CBAF76 /* Extensions.swift in Sources */ = {isa = PBXBuildFile; fileRef = 9BD522BE299118B000CBAF76 /* Extensions.swift */; };
		9BD522C12992B2ED00CBAF76 /* TransactionModel.swift in Sources */ = {isa = PBXBuildFile; fileRef = 9BD522C02992B2ED00CBAF76 /* TransactionModel.swift */; };
		9BD522C32992B48C00CBAF76 /* PreviewData.swift in Sources */ = {isa = PBXBuildFile; fileRef = 9BD522C22992B48C00CBAF76 /* PreviewData.swift */; };
		9BD522C72992B65500CBAF76 /* TransactionRow.swift in Sources */ = {isa = PBXBuildFile; fileRef = 9BD522C62992B65500CBAF76 /* TransactionRow.swift */; };
		9BD522CA2992BC6100CBAF76 /* SwiftUIFontIcon in Frameworks */ = {isa = PBXBuildFile; productRef = 9BD522C92992BC6100CBAF76 /* SwiftUIFontIcon */; };
		9BD522CC2992BD3600CBAF76 /* TransactionListViewModel.swift in Sources */ = {isa = PBXBuildFile; fileRef = 9BD522CB2992BD3600CBAF76 /* TransactionListViewModel.swift */; };
		9BD522CE2992CBC800CBAF76 /* RecentTransactionList.swift in Sources */ = {isa = PBXBuildFile; fileRef = 9BD522CD2992CBC700CBAF76 /* RecentTransactionList.swift */; };
/* End PBXBuildFile section */

/* Begin PBXContainerItemProxy section */
		9BD522A2299116E600CBAF76 /* PBXContainerItemProxy */ = {
			isa = PBXContainerItemProxy;
			containerPortal = 9BD52289299116E400CBAF76 /* Project object */;
			proxyType = 1;
			remoteGlobalIDString = 9BD52290299116E400CBAF76;
			remoteInfo = ExpenseTracker;
		};
		9BD522AC299116E700CBAF76 /* PBXContainerItemProxy */ = {
			isa = PBXContainerItemProxy;
			containerPortal = 9BD52289299116E400CBAF76 /* Project object */;
			proxyType = 1;
			remoteGlobalIDString = 9BD52290299116E400CBAF76;
			remoteInfo = ExpenseTracker;
		};
/* End PBXContainerItemProxy section */

/* Begin PBXFileReference section */
		9BD52291299116E400CBAF76 /* ExpenseTracker.app */ = {isa = PBXFileReference; explicitFileType = wrapper.application; includeInIndex = 0; path = ExpenseTracker.app; sourceTree = BUILT_PRODUCTS_DIR; };
		9BD52294299116E400CBAF76 /* ExpenseTrackerApp.swift */ = {isa = PBXFileReference; lastKnownFileType = sourcecode.swift; path = ExpenseTrackerApp.swift; sourceTree = "<group>"; };
		9BD52296299116E400CBAF76 /* ContentView.swift */ = {isa = PBXFileReference; lastKnownFileType = sourcecode.swift; path = ContentView.swift; sourceTree = "<group>"; };
		9BD52298299116E600CBAF76 /* Assets.xcassets */ = {isa = PBXFileReference; lastKnownFileType = folder.assetcatalog; path = Assets.xcassets; sourceTree = "<group>"; };
		9BD5229B299116E600CBAF76 /* Preview Assets.xcassets */ = {isa = PBXFileReference; lastKnownFileType = folder.assetcatalog; path = "Preview Assets.xcassets"; sourceTree = "<group>"; };
		9BD522A1299116E600CBAF76 /* ExpenseTrackerTests.xctest */ = {isa = PBXFileReference; explicitFileType = wrapper.cfbundle; includeInIndex = 0; path = ExpenseTrackerTests.xctest; sourceTree = BUILT_PRODUCTS_DIR; };
		9BD522A5299116E600CBAF76 /* ExpenseTrackerTests.swift */ = {isa = PBXFileReference; lastKnownFileType = sourcecode.swift; path = ExpenseTrackerTests.swift; sourceTree = "<group>"; };
		9BD522AB299116E700CBAF76 /* ExpenseTrackerUITests.xctest */ = {isa = PBXFileReference; explicitFileType = wrapper.cfbundle; includeInIndex = 0; path = ExpenseTrackerUITests.xctest; sourceTree = BUILT_PRODUCTS_DIR; };
		9BD522AF299116E700CBAF76 /* ExpenseTrackerUITests.swift */ = {isa = PBXFileReference; lastKnownFileType = sourcecode.swift; path = ExpenseTrackerUITests.swift; sourceTree = "<group>"; };
		9BD522B1299116E700CBAF76 /* ExpenseTrackerUITestsLaunchTests.swift */ = {isa = PBXFileReference; lastKnownFileType = sourcecode.swift; path = ExpenseTrackerUITestsLaunchTests.swift; sourceTree = "<group>"; };
		9BD522BE299118B000CBAF76 /* Extensions.swift */ = {isa = PBXFileReference; lastKnownFileType = sourcecode.swift; path = Extensions.swift; sourceTree = "<group>"; };
		9BD522C02992B2ED00CBAF76 /* TransactionModel.swift */ = {isa = PBXFileReference; lastKnownFileType = sourcecode.swift; path = TransactionModel.swift; sourceTree = "<group>"; };
		9BD522C22992B48C00CBAF76 /* PreviewData.swift */ = {isa = PBXFileReference; lastKnownFileType = sourcecode.swift; path = PreviewData.swift; sourceTree = "<group>"; };
		9BD522C62992B65500CBAF76 /* TransactionRow.swift */ = {isa = PBXFileReference; lastKnownFileType = sourcecode.swift; path = TransactionRow.swift; sourceTree = "<group>"; };
		9BD522CB2992BD3600CBAF76 /* TransactionListViewModel.swift */ = {isa = PBXFileReference; lastKnownFileType = sourcecode.swift; path = TransactionListViewModel.swift; sourceTree = "<group>"; };
		9BD522CD2992CBC700CBAF76 /* RecentTransactionList.swift */ = {isa = PBXFileReference; lastKnownFileType = sourcecode.swift; path = RecentTransactionList.swift; sourceTree = "<group>"; };
/* End PBXFileReference section */

/* Begin PBXFrameworksBuildPhase section */
		9BD5228E299116E400CBAF76 /* Frameworks */ = {
			isa = PBXFrameworksBuildPhase;
			buildActionMask = 2147483647;
			files = (
				9BD522CA2992BC6100CBAF76 /* SwiftUIFontIcon in Frameworks */,
			);
			runOnlyForDeploymentPostprocessing = 0;
		};
		9BD5229E299116E600CBAF76 /* Frameworks */ = {
			isa = PBXFrameworksBuildPhase;
			buildActionMask = 2147483647;
			files = (
			);
			runOnlyForDeploymentPostprocessing = 0;
		};
		9BD522A8299116E700CBAF76 /* Frameworks */ = {
			isa = PBXFrameworksBuildPhase;
			buildActionMask = 2147483647;
			files = (
			);
			runOnlyForDeploymentPostprocessing = 0;
		};
/* End PBXFrameworksBuildPhase section */

/* Begin PBXGroup section */
		9BD52288299116E400CBAF76 = {
			isa = PBXGroup;
			children = (
				9BD52293299116E400CBAF76 /* ExpenseTracker */,
				9BD522A4299116E600CBAF76 /* ExpenseTrackerTests */,
				9BD522AE299116E700CBAF76 /* ExpenseTrackerUITests */,
				9BD52292299116E400CBAF76 /* Products */,
			);
			sourceTree = "<group>";
		};
		9BD52292299116E400CBAF76 /* Products */ = {
			isa = PBXGroup;
			children = (
				9BD52291299116E400CBAF76 /* ExpenseTracker.app */,
				9BD522A1299116E600CBAF76 /* ExpenseTrackerTests.xctest */,
				9BD522AB299116E700CBAF76 /* ExpenseTrackerUITests.xctest */,
			);
			name = Products;
			sourceTree = "<group>";
		};
		9BD52293299116E400CBAF76 /* ExpenseTracker */ = {
			isa = PBXGroup;
			children = (
				9BD52294299116E400CBAF76 /* ExpenseTrackerApp.swift */,
				9BD52296299116E400CBAF76 /* ContentView.swift */,
				9BD522CD2992CBC700CBAF76 /* RecentTransactionList.swift */,
				9BD522C02992B2ED00CBAF76 /* TransactionModel.swift */,
				9BD522CB2992BD3600CBAF76 /* TransactionListViewModel.swift */,
				9BD522C62992B65500CBAF76 /* TransactionRow.swift */,
				9BD52298299116E600CBAF76 /* Assets.xcassets */,
				9BD522BE299118B000CBAF76 /* Extensions.swift */,
				9BD5229A299116E600CBAF76 /* Preview Content */,
			);
			path = ExpenseTracker;
			sourceTree = "<group>";
		};
		9BD5229A299116E600CBAF76 /* Preview Content */ = {
			isa = PBXGroup;
			children = (
				9BD5229B299116E600CBAF76 /* Preview Assets.xcassets */,
				9BD522C22992B48C00CBAF76 /* PreviewData.swift */,
			);
			path = "Preview Content";
			sourceTree = "<group>";
		};
		9BD522A4299116E600CBAF76 /* ExpenseTrackerTests */ = {
			isa = PBXGroup;
			children = (
				9BD522A5299116E600CBAF76 /* ExpenseTrackerTests.swift */,
			);
			path = ExpenseTrackerTests;
			sourceTree = "<group>";
		};
		9BD522AE299116E700CBAF76 /* ExpenseTrackerUITests */ = {
			isa = PBXGroup;
			children = (
				9BD522AF299116E700CBAF76 /* ExpenseTrackerUITests.swift */,
				9BD522B1299116E700CBAF76 /* ExpenseTrackerUITestsLaunchTests.swift */,
			);
			path = ExpenseTrackerUITests;
			sourceTree = "<group>";
		};
/* End PBXGroup section */

/* Begin PBXNativeTarget section */
		9BD52290299116E400CBAF76 /* ExpenseTracker */ = {
			isa = PBXNativeTarget;
			buildConfigurationList = 9BD522B5299116E700CBAF76 /* Build configuration list for PBXNativeTarget "ExpenseTracker" */;
			buildPhases = (
				9BD5228D299116E400CBAF76 /* Sources */,
				9BD5228E299116E400CBAF76 /* Frameworks */,
				9BD5228F299116E400CBAF76 /* Resources */,
			);
			buildRules = (
			);
			dependencies = (
			);
			name = ExpenseTracker;
			packageProductDependencies = (
				9BD522C92992BC6100CBAF76 /* SwiftUIFontIcon */,
			);
			productName = ExpenseTracker;
			productReference = 9BD52291299116E400CBAF76 /* ExpenseTracker.app */;
			productType = "com.apple.product-type.application";
		};
		9BD522A0299116E600CBAF76 /* ExpenseTrackerTests */ = {
			isa = PBXNativeTarget;
			buildConfigurationList = 9BD522B8299116E700CBAF76 /* Build configuration list for PBXNativeTarget "ExpenseTrackerTests" */;
			buildPhases = (
				9BD5229D299116E600CBAF76 /* Sources */,
				9BD5229E299116E600CBAF76 /* Frameworks */,
				9BD5229F299116E600CBAF76 /* Resources */,
			);
			buildRules = (
			);
			dependencies = (
				9BD522A3299116E600CBAF76 /* PBXTargetDependency */,
			);
			name = ExpenseTrackerTests;
			productName = ExpenseTrackerTests;
			productReference = 9BD522A1299116E600CBAF76 /* ExpenseTrackerTests.xctest */;
			productType = "com.apple.product-type.bundle.unit-test";
		};
		9BD522AA299116E700CBAF76 /* ExpenseTrackerUITests */ = {
			isa = PBXNativeTarget;
			buildConfigurationList = 9BD522BB299116E700CBAF76 /* Build configuration list for PBXNativeTarget "ExpenseTrackerUITests" */;
			buildPhases = (
				9BD522A7299116E700CBAF76 /* Sources */,
				9BD522A8299116E700CBAF76 /* Frameworks */,
				9BD522A9299116E700CBAF76 /* Resources */,
			);
			buildRules = (
			);
			dependencies = (
				9BD522AD299116E700CBAF76 /* PBXTargetDependency */,
			);
			name = ExpenseTrackerUITests;
			productName = ExpenseTrackerUITests;
			productReference = 9BD522AB299116E700CBAF76 /* ExpenseTrackerUITests.xctest */;
			productType = "com.apple.product-type.bundle.ui-testing";
		};
/* End PBXNativeTarget section */

/* Begin PBXProject section */
		9BD52289299116E400CBAF76 /* Project object */ = {
			isa = PBXProject;
			attributes = {
				BuildIndependentTargetsInParallel = 1;
				LastSwiftUpdateCheck = 1420;
				LastUpgradeCheck = 1420;
				TargetAttributes = {
					9BD52290299116E400CBAF76 = {
						CreatedOnToolsVersion = 14.2;
					};
					9BD522A0299116E600CBAF76 = {
						CreatedOnToolsVersion = 14.2;
						TestTargetID = 9BD52290299116E400CBAF76;
					};
					9BD522AA299116E700CBAF76 = {
						CreatedOnToolsVersion = 14.2;
						TestTargetID = 9BD52290299116E400CBAF76;
					};
				};
			};
			buildConfigurationList = 9BD5228C299116E400CBAF76 /* Build configuration list for PBXProject "ExpenseTracker" */;
			compatibilityVersion = "Xcode 14.0";
			developmentRegion = en;
			hasScannedForEncodings = 0;
			knownRegions = (
				en,
				Base,
			);
			mainGroup = 9BD52288299116E400CBAF76;
			packageReferences = (
				9BD522C82992BC6100CBAF76 /* XCRemoteSwiftPackageReference "SwiftUIFontIcon" */,
			);
			productRefGroup = 9BD52292299116E400CBAF76 /* Products */;
			projectDirPath = "";
			projectRoot = "";
			targets = (
				9BD52290299116E400CBAF76 /* ExpenseTracker */,
				9BD522A0299116E600CBAF76 /* ExpenseTrackerTests */,
				9BD522AA299116E700CBAF76 /* ExpenseTrackerUITests */,
			);
		};
/* End PBXProject section */

/* Begin PBXResourcesBuildPhase section */
		9BD5228F299116E400CBAF76 /* Resources */ = {
			isa = PBXResourcesBuildPhase;
			buildActionMask = 2147483647;
			files = (
				9BD5229C299116E600CBAF76 /* Preview Assets.xcassets in Resources */,
				9BD52299299116E600CBAF76 /* Assets.xcassets in Resources */,
			);
			runOnlyForDeploymentPostprocessing = 0;
		};
		9BD5229F299116E600CBAF76 /* Resources */ = {
			isa = PBXResourcesBuildPhase;
			buildActionMask = 2147483647;
			files = (
			);
			runOnlyForDeploymentPostprocessing = 0;
		};
		9BD522A9299116E700CBAF76 /* Resources */ = {
			isa = PBXResourcesBuildPhase;
			buildActionMask = 2147483647;
			files = (
			);
			runOnlyForDeploymentPostprocessing = 0;
		};
/* End PBXResourcesBuildPhase section */

/* Begin PBXSourcesBuildPhase section */
		9BD5228D299116E400CBAF76 /* Sources */ = {
			isa = PBXSourcesBuildPhase;
			buildActionMask = 2147483647;
			files = (
				9BD522C32992B48C00CBAF76 /* PreviewData.swift in Sources */,
				9BD522CE2992CBC800CBAF76 /* RecentTransactionList.swift in Sources */,
				9BD522C12992B2ED00CBAF76 /* TransactionModel.swift in Sources */,
				9BD52297299116E400CBAF76 /* ContentView.swift in Sources */,
				9BD522C72992B65500CBAF76 /* TransactionRow.swift in Sources */,
				9BD522BF299118B000CBAF76 /* Extensions.swift in Sources */,
				9BD522CC2992BD3600CBAF76 /* TransactionListViewModel.swift in Sources */,
				9BD52295299116E400CBAF76 /* ExpenseTrackerApp.swift in Sources */,
			);
			runOnlyForDeploymentPostprocessing = 0;
		};
		9BD5229D299116E600CBAF76 /* Sources */ = {
			isa = PBXSourcesBuildPhase;
			buildActionMask = 2147483647;
			files = (
				9BD522A6299116E600CBAF76 /* ExpenseTrackerTests.swift in Sources */,
			);
			runOnlyForDeploymentPostprocessing = 0;
		};
		9BD522A7299116E700CBAF76 /* Sources */ = {
			isa = PBXSourcesBuildPhase;
			buildActionMask = 2147483647;
			files = (
				9BD522B2299116E700CBAF76 /* ExpenseTrackerUITestsLaunchTests.swift in Sources */,
				9BD522B0299116E700CBAF76 /* ExpenseTrackerUITests.swift in Sources */,
			);
			runOnlyForDeploymentPostprocessing = 0;
		};
/* End PBXSourcesBuildPhase section */

/* Begin PBXTargetDependency section */
		9BD522A3299116E600CBAF76 /* PBXTargetDependency */ = {
			isa = PBXTargetDependency;
			target = 9BD52290299116E400CBAF76 /* ExpenseTracker */;
			targetProxy = 9BD522A2299116E600CBAF76 /* PBXContainerItemProxy */;
		};
		9BD522AD299116E700CBAF76 /* PBXTargetDependency */ = {
			isa = PBXTargetDependency;
			target = 9BD52290299116E400CBAF76 /* ExpenseTracker */;
			targetProxy = 9BD522AC299116E700CBAF76 /* PBXContainerItemProxy */;
		};
/* End PBXTargetDependency section */

/* Begin XCBuildConfiguration section */
		9BD522B3299116E700CBAF76 /* Debug */ = {
			isa = XCBuildConfiguration;
			buildSettings = {
				ALWAYS_SEARCH_USER_PATHS = NO;
				CLANG_ANALYZER_NONNULL = YES;
				CLANG_ANALYZER_NUMBER_OBJECT_CONVERSION = YES_AGGRESSIVE;
				CLANG_CXX_LANGUAGE_STANDARD = "gnu++20";
				CLANG_ENABLE_MODULES = YES;
				CLANG_ENABLE_OBJC_ARC = YES;
				CLANG_ENABLE_OBJC_WEAK = YES;
				CLANG_WARN_BLOCK_CAPTURE_AUTORELEASING = YES;
				CLANG_WARN_BOOL_CONVERSION = YES;
				CLANG_WARN_COMMA = YES;
				CLANG_WARN_CONSTANT_CONVERSION = YES;
				CLANG_WARN_DEPRECATED_OBJC_IMPLEMENTATIONS = YES;
				CLANG_WARN_DIRECT_OBJC_ISA_USAGE = YES_ERROR;
				CLANG_WARN_DOCUMENTATION_COMMENTS = YES;
				CLANG_WARN_EMPTY_BODY = YES;
				CLANG_WARN_ENUM_CONVERSION = YES;
				CLANG_WARN_INFINITE_RECURSION = YES;
				CLANG_WARN_INT_CONVERSION = YES;
				CLANG_WARN_NON_LITERAL_NULL_CONVERSION = YES;
				CLANG_WARN_OBJC_IMPLICIT_RETAIN_SELF = YES;
				CLANG_WARN_OBJC_LITERAL_CONVERSION = YES;
				CLANG_WARN_OBJC_ROOT_CLASS = YES_ERROR;
				CLANG_WARN_QUOTED_INCLUDE_IN_FRAMEWORK_HEADER = YES;
				CLANG_WARN_RANGE_LOOP_ANALYSIS = YES;
				CLANG_WARN_STRICT_PROTOTYPES = YES;
				CLANG_WARN_SUSPICIOUS_MOVE = YES;
				CLANG_WARN_UNGUARDED_AVAILABILITY = YES_AGGRESSIVE;
				CLANG_WARN_UNREACHABLE_CODE = YES;
				CLANG_WARN__DUPLICATE_METHOD_MATCH = YES;
				COPY_PHASE_STRIP = NO;
				DEBUG_INFORMATION_FORMAT = dwarf;
				ENABLE_STRICT_OBJC_MSGSEND = YES;
				ENABLE_TESTABILITY = YES;
				GCC_C_LANGUAGE_STANDARD = gnu11;
				GCC_DYNAMIC_NO_PIC = NO;
				GCC_NO_COMMON_BLOCKS = YES;
				GCC_OPTIMIZATION_LEVEL = 0;
				GCC_PREPROCESSOR_DEFINITIONS = (
					"DEBUG=1",
					"$(inherited)",
				);
				GCC_WARN_64_TO_32_BIT_CONVERSION = YES;
				GCC_WARN_ABOUT_RETURN_TYPE = YES_ERROR;
				GCC_WARN_UNDECLARED_SELECTOR = YES;
				GCC_WARN_UNINITIALIZED_AUTOS = YES_AGGRESSIVE;
				GCC_WARN_UNUSED_FUNCTION = YES;
				GCC_WARN_UNUSED_VARIABLE = YES;
				IPHONEOS_DEPLOYMENT_TARGET = 16.2;
				MTL_ENABLE_DEBUG_INFO = INCLUDE_SOURCE;
				MTL_FAST_MATH = YES;
				ONLY_ACTIVE_ARCH = YES;
				SDKROOT = iphoneos;
				SWIFT_ACTIVE_COMPILATION_CONDITIONS = DEBUG;
				SWIFT_OPTIMIZATION_LEVEL = "-Onone";
			};
			name = Debug;
		};
		9BD522B4299116E700CBAF76 /* Release */ = {
			isa = XCBuildConfiguration;
			buildSettings = {
				ALWAYS_SEARCH_USER_PATHS = NO;
				CLANG_ANALYZER_NONNULL = YES;
				CLANG_ANALYZER_NUMBER_OBJECT_CONVERSION = YES_AGGRESSIVE;
				CLANG_CXX_LANGUAGE_STANDARD = "gnu++20";
				CLANG_ENABLE_MODULES = YES;
				CLANG_ENABLE_OBJC_ARC = YES;
				CLANG_ENABLE_OBJC_WEAK = YES;
				CLANG_WARN_BLOCK_CAPTURE_AUTORELEASING = YES;
				CLANG_WARN_BOOL_CONVERSION = YES;
				CLANG_WARN_COMMA = YES;
				CLANG_WARN_CONSTANT_CONVERSION = YES;
				CLANG_WARN_DEPRECATED_OBJC_IMPLEMENTATIONS = YES;
				CLANG_WARN_DIRECT_OBJC_ISA_USAGE = YES_ERROR;
				CLANG_WARN_DOCUMENTATION_COMMENTS = YES;
				CLANG_WARN_EMPTY_BODY = YES;
				CLANG_WARN_ENUM_CONVERSION = YES;
				CLANG_WARN_INFINITE_RECURSION = YES;
				CLANG_WARN_INT_CONVERSION = YES;
				CLANG_WARN_NON_LITERAL_NULL_CONVERSION = YES;
				CLANG_WARN_OBJC_IMPLICIT_RETAIN_SELF = YES;
				CLANG_WARN_OBJC_LITERAL_CONVERSION = YES;
				CLANG_WARN_OBJC_ROOT_CLASS = YES_ERROR;
				CLANG_WARN_QUOTED_INCLUDE_IN_FRAMEWORK_HEADER = YES;
				CLANG_WARN_RANGE_LOOP_ANALYSIS = YES;
				CLANG_WARN_STRICT_PROTOTYPES = YES;
				CLANG_WARN_SUSPICIOUS_MOVE = YES;
				CLANG_WARN_UNGUARDED_AVAILABILITY = YES_AGGRESSIVE;
				CLANG_WARN_UNREACHABLE_CODE = YES;
				CLANG_WARN__DUPLICATE_METHOD_MATCH = YES;
				COPY_PHASE_STRIP = NO;
				DEBUG_INFORMATION_FORMAT = "dwarf-with-dsym";
				ENABLE_NS_ASSERTIONS = NO;
				ENABLE_STRICT_OBJC_MSGSEND = YES;
				GCC_C_LANGUAGE_STANDARD = gnu11;
				GCC_NO_COMMON_BLOCKS = YES;
				GCC_WARN_64_TO_32_BIT_CONVERSION = YES;
				GCC_WARN_ABOUT_RETURN_TYPE = YES_ERROR;
				GCC_WARN_UNDECLARED_SELECTOR = YES;
				GCC_WARN_UNINITIALIZED_AUTOS = YES_AGGRESSIVE;
				GCC_WARN_UNUSED_FUNCTION = YES;
				GCC_WARN_UNUSED_VARIABLE = YES;
				IPHONEOS_DEPLOYMENT_TARGET = 16.2;
				MTL_ENABLE_DEBUG_INFO = NO;
				MTL_FAST_MATH = YES;
				SDKROOT = iphoneos;
				SWIFT_COMPILATION_MODE = wholemodule;
				SWIFT_OPTIMIZATION_LEVEL = "-O";
				VALIDATE_PRODUCT = YES;
			};
			name = Release;
		};
		9BD522B6299116E700CBAF76 /* Debug */ = {
			isa = XCBuildConfiguration;
			buildSettings = {
				ASSETCATALOG_COMPILER_APPICON_NAME = AppIcon;
				ASSETCATALOG_COMPILER_GLOBAL_ACCENT_COLOR_NAME = AccentColor;
				CODE_SIGN_STYLE = Automatic;
				CURRENT_PROJECT_VERSION = 1;
				DEVELOPMENT_ASSET_PATHS = "\"ExpenseTracker/Preview Content\"";
				ENABLE_PREVIEWS = YES;
				GENERATE_INFOPLIST_FILE = YES;
				INFOPLIST_KEY_UIApplicationSceneManifest_Generation = YES;
				INFOPLIST_KEY_UIApplicationSupportsIndirectInputEvents = YES;
				INFOPLIST_KEY_UILaunchScreen_Generation = YES;
				INFOPLIST_KEY_UISupportedInterfaceOrientations_iPad = "UIInterfaceOrientationPortrait UIInterfaceOrientationPortraitUpsideDown UIInterfaceOrientationLandscapeLeft UIInterfaceOrientationLandscapeRight";
				INFOPLIST_KEY_UISupportedInterfaceOrientations_iPhone = "UIInterfaceOrientationPortrait UIInterfaceOrientationLandscapeLeft UIInterfaceOrientationLandscapeRight";
				LD_RUNPATH_SEARCH_PATHS = (
					"$(inherited)",
					"@executable_path/Frameworks",
				);
				MARKETING_VERSION = 1.0;
				PRODUCT_BUNDLE_IDENTIFIER = com.example.project.ExpenseTracker;
				PRODUCT_NAME = "$(TARGET_NAME)";
				SWIFT_EMIT_LOC_STRINGS = YES;
				SWIFT_VERSION = 5.0;
				TARGETED_DEVICE_FAMILY = "1,2";
			};
			name = Debug;
		};
		9BD522B7299116E700CBAF76 /* Release */ = {
			isa = XCBuildConfiguration;
			buildSettings = {
				ASSETCATALOG_COMPILER_APPICON_NAME = AppIcon;
				ASSETCATALOG_COMPILER_GLOBAL_ACCENT_COLOR_NAME = AccentColor;
				CODE_SIGN_STYLE = Automatic;
				CURRENT_PROJECT_VERSION = 1;
				DEVELOPMENT_ASSET_PATHS = "\"ExpenseTracker/Preview Content\"";
				ENABLE_PREVIEWS = YES;
				GENERATE_INFOPLIST_FILE = YES;
				INFOPLIST_KEY_UIApplicationSceneManifest_Generation = YES;
				INFOPLIST_KEY_UIApplicationSupportsIndirectInputEvents = YES;
				INFOPLIST_KEY_UILaunchScreen_Generation = YES;
				INFOPLIST_KEY_UISupportedInterfaceOrientations_iPad = "UIInterfaceOrientationPortrait UIInterfaceOrientationPortraitUpsideDown UIInterfaceOrientationLandscapeLeft UIInterfaceOrientationLandscapeRight";
				INFOPLIST_KEY_UISupportedInterfaceOrientations_iPhone = "UIInterfaceOrientationPortrait UIInterfaceOrientationLandscapeLeft UIInterfaceOrientationLandscapeRight";
				LD_RUNPATH_SEARCH_PATHS = (
					"$(inherited)",
					"@executable_path/Frameworks",
				);
				MARKETING_VERSION = 1.0;
				PRODUCT_BUNDLE_IDENTIFIER = com.example.project.ExpenseTracker;
				PRODUCT_NAME = "$(TARGET_NAME)";
				SWIFT_EMIT_LOC_STRINGS = YES;
				SWIFT_VERSION = 5.0;
				TARGETED_DEVICE_FAMILY = "1,2";
			};
			name = Release;
		};
		9BD522B9299116E700CBAF76 /* Debug */ = {
			isa = XCBuildConfiguration;
			buildSettings = {
				ALWAYS_EMBED_SWIFT_STANDARD_LIBRARIES = YES;
				BUNDLE_LOADER = "$(TEST_HOST)";
				CODE_SIGN_STYLE = Automatic;
				CURRENT_PROJECT_VERSION = 1;
				GENERATE_INFOPLIST_FILE = YES;
				IPHONEOS_DEPLOYMENT_TARGET = 16.2;
				MARKETING_VERSION = 1.0;
				PRODUCT_BUNDLE_IDENTIFIER = com.example.project.ExpenseTrackerTests;
				PRODUCT_NAME = "$(TARGET_NAME)";
				SWIFT_EMIT_LOC_STRINGS = NO;
				SWIFT_VERSION = 5.0;
				TARGETED_DEVICE_FAMILY = "1,2";
				TEST_HOST = "$(BUILT_PRODUCTS_DIR)/ExpenseTracker.app/$(BUNDLE_EXECUTABLE_FOLDER_PATH)/ExpenseTracker";
			};
			name = Debug;
		};
		9BD522BA299116E700CBAF76 /* Release */ = {
			isa = XCBuildConfiguration;
			buildSettings = {
				ALWAYS_EMBED_SWIFT_STANDARD_LIBRARIES = YES;
				BUNDLE_LOADER = "$(TEST_HOST)";
				CODE_SIGN_STYLE = Automatic;
				CURRENT_PROJECT_VERSION = 1;
				GENERATE_INFOPLIST_FILE = YES;
				IPHONEOS_DEPLOYMENT_TARGET = 16.2;
				MARKETING_VERSION = 1.0;
				PRODUCT_BUNDLE_IDENTIFIER = com.example.project.ExpenseTrackerTests;
				PRODUCT_NAME = "$(TARGET_NAME)";
				SWIFT_EMIT_LOC_STRINGS = NO;
				SWIFT_VERSION = 5.0;
				TARGETED_DEVICE_FAMILY = "1,2";
				TEST_HOST = "$(BUILT_PRODUCTS_DIR)/ExpenseTracker.app/$(BUNDLE_EXECUTABLE_FOLDER_PATH)/ExpenseTracker";
			};
			name = Release;
		};
		9BD522BC299116E700CBAF76 /* Debug */ = {
			isa = XCBuildConfiguration;
			buildSettings = {
				ALWAYS_EMBED_SWIFT_STANDARD_LIBRARIES = YES;
				CODE_SIGN_STYLE = Automatic;
				CURRENT_PROJECT_VERSION = 1;
				GENERATE_INFOPLIST_FILE = YES;
				MARKETING_VERSION = 1.0;
				PRODUCT_BUNDLE_IDENTIFIER = com.example.project.ExpenseTrackerUITests;
				PRODUCT_NAME = "$(TARGET_NAME)";
				SWIFT_EMIT_LOC_STRINGS = NO;
				SWIFT_VERSION = 5.0;
				TARGETED_DEVICE_FAMILY = "1,2";
				TEST_TARGET_NAME = ExpenseTracker;
			};
			name = Debug;
		};
		9BD522BD299116E700CBAF76 /* Release */ = {
			isa = XCBuildConfiguration;
			buildSettings = {
				ALWAYS_EMBED_SWIFT_STANDARD_LIBRARIES = YES;
				CODE_SIGN_STYLE = Automatic;
				CURRENT_PROJECT_VERSION = 1;
				GENERATE_INFOPLIST_FILE = YES;
				MARKETING_VERSION = 1.0;
				PRODUCT_BUNDLE_IDENTIFIER = com.example.project.ExpenseTrackerUITests;
				PRODUCT_NAME = "$(TARGET_NAME)";
				SWIFT_EMIT_LOC_STRINGS = NO;
				SWIFT_VERSION = 5.0;
				TARGETED_DEVICE_FAMILY = "1,2";
				TEST_TARGET_NAME = ExpenseTracker;
			};
			name = Release;
		};
/* End XCBuildConfiguration section */

/* Begin XCConfigurationList section */
		9BD5228C299116E400CBAF76 /* Build configuration list for PBXProject "ExpenseTracker" */ = {
			isa = XCConfigurationList;
			buildConfigurations = (
				9BD522B3299116E700CBAF76 /* Debug */,
				9BD522B4299116E700CBAF76 /* Release */,
			);
			defaultConfigurationIsVisible = 0;
			defaultConfigurationName = Release;
		};
		9BD522B5299116E700CBAF76 /* Build configuration list for PBXNativeTarget "ExpenseTracker" */ = {
			isa = XCConfigurationList;
			buildConfigurations = (
				9BD522B6299116E700CBAF76 /* Debug */,
				9BD522B7299116E700CBAF76 /* Release */,
			);
			defaultConfigurationIsVisible = 0;
			defaultConfigurationName = Release;
		};
		9BD522B8299116E700CBAF76 /* Build configuration list for PBXNativeTarget "ExpenseTrackerTests" */ = {
			isa = XCConfigurationList;
			buildConfigurations = (
				9BD522B9299116E700CBAF76 /* Debug */,
				9BD522BA299116E700CBAF76 /* Release */,
			);
			defaultConfigurationIsVisible = 0;
			defaultConfigurationName = Release;
		};
		9BD522BB299116E700CBAF76 /* Build configuration list for PBXNativeTarget "ExpenseTrackerUITests" */ = {
			isa = XCConfigurationList;
			buildConfigurations = (
				9BD522BC299116E700CBAF76 /* Debug */,
				9BD522BD299116E700CBAF76 /* Release */,
			);
			defaultConfigurationIsVisible = 0;
			defaultConfigurationName = Release;
		};
/* End XCConfigurationList section */

/* Begin XCRemoteSwiftPackageReference section */
		9BD522C82992BC6100CBAF76 /* XCRemoteSwiftPackageReference "SwiftUIFontIcon" */ = {
			isa = XCRemoteSwiftPackageReference;
			repositoryURL = "https://github.com/huybuidac/SwiftUIFontIcon";
			requirement = {
				branch = master;
				kind = branch;
			};
		};
/* End XCRemoteSwiftPackageReference section */

/* Begin XCSwiftPackageProductDependency section */
		9BD522C92992BC6100CBAF76 /* SwiftUIFontIcon */ = {
			isa = XCSwiftPackageProductDependency;
			package = 9BD522C82992BC6100CBAF76 /* XCRemoteSwiftPackageReference "SwiftUIFontIcon" */;
			productName = SwiftUIFontIcon;
		};
/* End XCSwiftPackageProductDependency section */
	};
	rootObject = 9BD52289299116E400CBAF76 /* Project object */;
}
